
Microsoft Visual Studio Solution File, Format Version 12.00
# Visual Studio Version 16
VisualStudioVersion = 16.0.30413.136
MinimumVisualStudioVersion = 10.0.40219.1
Project("{2150E333-8FDC-42A3-9474-1A3956D46DE8}") = "src", "src", "{A9B59462-25DD-42BF-B587-55EF4FB7FF7D}"
EndProject
Project("{2150E333-8FDC-42A3-9474-1A3956D46DE8}") = "test", "test", "{EB4E9627-F27E-496D-B9DE-12226BDDC030}"
EndProject
Project("{FAE04EC0-301F-11D3-BF4B-00C04F79EFBC}") = "EnglishAssistantTelegramBot.Console", "src\EnglishAssistantTelegramBot.Console\EnglishAssistantTelegramBot.Console.csproj", "{0B438CEE-D83E-4CBE-B153-9D71AB9EADBA}"
EndProject
Global
	GlobalSection(SolutionConfigurationPlatforms) = preSolution
		Debug|Any CPU = Debug|Any CPU
		Release|Any CPU = Release|Any CPU
	EndGlobalSection
	GlobalSection(ProjectConfigurationPlatforms) = postSolution
		{0B438CEE-D83E-4CBE-B153-9D71AB9EADBA}.Debug|Any CPU.ActiveCfg = Debug|Any CPU
		{0B438CEE-D83E-4CBE-B153-9D71AB9EADBA}.Debug|Any CPU.Build.0 = Debug|Any CPU
		{0B438CEE-D83E-4CBE-B153-9D71AB9EADBA}.Release|Any CPU.ActiveCfg = Release|Any CPU
		{0B438CEE-D83E-4CBE-B153-9D71AB9EADBA}.Release|Any CPU.Build.0 = Release|Any CPU
	EndGlobalSection
	GlobalSection(SolutionProperties) = preSolution
		HideSolutionNode = FALSE
	EndGlobalSection
	GlobalSection(NestedProjects) = preSolution
		{0B438CEE-D83E-4CBE-B153-9D71AB9EADBA} = {A9B59462-25DD-42BF-B587-55EF4FB7FF7D}
	EndGlobalSection
	GlobalSection(ExtensibilityGlobals) = postSolution
		SolutionGuid = {8E8F8328-5EA2-42C9-A68F-06211267E8FF}
	EndGlobalSection
EndGlobal
